lockfileVersion: '9.0'

settings:
  autoInstallPeers: true
  excludeLinksFromLockfile: false

importers:

  .:
    dependencies:
      inquirer:
        specifier: ^12.5.0
        version: 12.5.0(@types/node@22.14.0)
      lowdb:
        specifier: 5.1.0
        version: 5.1.0
    devDependencies:
      '@types/inquirer':
        specifier: ^9.0.7
        version: 9.0.7

packages:

  '@inquirer/checkbox@4.1.4':
    resolution: {integrity: sha512-d30576EZdApjAMceijXA5jDzRQHT/MygbC+J8I7EqA6f/FRpYxlRtRJbHF8gHeWYeSdOuTEJqonn7QLB1ELezA==}
    engines: {node: '>=18'}
    peerDependencies:
      '@types/node': '>=18'
    peerDependenciesMeta:
      '@types/node':
        optional: true

  '@inquirer/confirm@5.1.8':
    resolution: {integrity: sha512-dNLWCYZvXDjO3rnQfk2iuJNL4Ivwz/T2+C3+WnNfJKsNGSuOs3wAo2F6e0p946gtSAk31nZMfW+MRmYaplPKsg==}
    engines: {node: '>=18'}
    peerDependencies:
      '@types/node': '>=18'
    peerDependenciesMeta:
      '@types/node':
        optional: true

  '@inquirer/core@10.1.9':
    resolution: {integrity: sha512-sXhVB8n20NYkUBfDYgizGHlpRVaCRjtuzNZA6xpALIUbkgfd2Hjz+DfEN6+h1BRnuxw0/P4jCIMjMsEOAMwAJw==}
    engines: {node: '>=18'}
    peerDependencies:
      '@types/node': '>=18'
    peerDependenciesMeta:
      '@types/node':
        optional: true

  '@inquirer/editor@4.2.9':
    resolution: {integrity: sha512-8HjOppAxO7O4wV1ETUlJFg6NDjp/W2NP5FB9ZPAcinAlNT4ZIWOLe2pUVwmmPRSV0NMdI5r/+lflN55AwZOKSw==}
    engines: {node: '>=18'}
    peerDependencies:
      '@types/node': '>=18'
    peerDependenciesMeta:
      '@types/node':
        optional: true

  '@inquirer/expand@4.0.11':
    resolution: {integrity: sha512-OZSUW4hFMW2TYvX/Sv+NnOZgO8CHT2TU1roUCUIF2T+wfw60XFRRp9MRUPCT06cRnKL+aemt2YmTWwt7rOrNEA==}
    engines: {node: '>=18'}
    peerDependencies:
      '@types/node': '>=18'
    peerDependenciesMeta:
      '@types/node':
        optional: true

  '@inquirer/figures@1.0.11':
    resolution: {integrity: sha512-eOg92lvrn/aRUqbxRyvpEWnrvRuTYRifixHkYVpJiygTgVSBIHDqLh0SrMQXkafvULg3ck11V7xvR+zcgvpHFw==}
    engines: {node: '>=18'}

  '@inquirer/input@4.1.8':
    resolution: {integrity: sha512-WXJI16oOZ3/LiENCAxe8joniNp8MQxF6Wi5V+EBbVA0ZIOpFcL4I9e7f7cXse0HJeIPCWO8Lcgnk98juItCi7Q==}
    engines: {node: '>=18'}
    peerDependencies:
      '@types/node': '>=18'
    peerDependenciesMeta:
      '@types/node':
        optional: true

  '@inquirer/number@3.0.11':
    resolution: {integrity: sha512-pQK68CsKOgwvU2eA53AG/4npRTH2pvs/pZ2bFvzpBhrznh8Mcwt19c+nMO7LHRr3Vreu1KPhNBF3vQAKrjIulw==}
    engines: {node: '>=18'}
    peerDependencies:
      '@types/node': '>=18'
    peerDependenciesMeta:
      '@types/node':
        optional: true

  '@inquirer/password@4.0.11':
    resolution: {integrity: sha512-dH6zLdv+HEv1nBs96Case6eppkRggMe8LoOTl30+Gq5Wf27AO/vHFgStTVz4aoevLdNXqwE23++IXGw4eiOXTg==}
    engines: {node: '>=18'}
    peerDependencies:
      '@types/node': '>=18'
    peerDependenciesMeta:
      '@types/node':
        optional: true

  '@inquirer/prompts@7.4.0':
    resolution: {integrity: sha512-EZiJidQOT4O5PYtqnu1JbF0clv36oW2CviR66c7ma4LsupmmQlUwmdReGKRp456OWPWMz3PdrPiYg3aCk3op2w==}
    engines: {node: '>=18'}
    peerDependencies:
      '@types/node': '>=18'
    peerDependenciesMeta:
      '@types/node':
        optional: true

  '@inquirer/rawlist@4.0.11':
    resolution: {integrity: sha512-uAYtTx0IF/PqUAvsRrF3xvnxJV516wmR6YVONOmCWJbbt87HcDHLfL9wmBQFbNJRv5kCjdYKrZcavDkH3sVJPg==}
    engines: {node: '>=18'}
    peerDependencies:
      '@types/node': '>=18'
    peerDependenciesMeta:
      '@types/node':
        optional: true

  '@inquirer/search@3.0.11':
    resolution: {integrity: sha512-9CWQT0ikYcg6Ls3TOa7jljsD7PgjcsYEM0bYE+Gkz+uoW9u8eaJCRHJKkucpRE5+xKtaaDbrND+nPDoxzjYyew==}
    engines: {node: '>=18'}
    peerDependencies:
      '@types/node': '>=18'
    peerDependenciesMeta:
      '@types/node':
        optional: true

  '@inquirer/select@4.1.0':
    resolution: {integrity: sha512-z0a2fmgTSRN+YBuiK1ROfJ2Nvrpij5lVN3gPDkQGhavdvIVGHGW29LwYZfM/j42Ai2hUghTI/uoBuTbrJk42bA==}
    engines: {node: '>=18'}
    peerDependencies:
      '@types/node': '>=18'
    peerDependenciesMeta:
      '@types/node':
        optional: true

  '@inquirer/type@3.0.5':
    resolution: {integrity: sha512-ZJpeIYYueOz/i/ONzrfof8g89kNdO2hjGuvULROo3O8rlB2CRtSseE5KeirnyE4t/thAn/EwvS/vuQeJCn+NZg==}
    engines: {node: '>=18'}
    peerDependencies:
      '@types/node': '>=18'
    peerDependenciesMeta:
      '@types/node':
        optional: true

  '@types/inquirer@9.0.7':
    resolution: {integrity: sha512-Q0zyBupO6NxGRZut/JdmqYKOnN95Eg5V8Csg3PGKkP+FnvsUZx1jAyK7fztIszxxMuoBA6E3KXWvdZVXIpx60g==}

  '@types/node@22.14.0':
    resolution: {integrity: sha512-Kmpl+z84ILoG+3T/zQFyAJsU6EPTmOCj8/2+83fSN6djd6I4o7uOuGIH6vq3PrjY5BGitSbFuMN18j3iknubbA==}

  '@types/through@0.0.33':
    resolution: {integrity: sha512-HsJ+z3QuETzP3cswwtzt2vEIiHBk/dCcHGhbmG5X3ecnwFD/lPrMpliGXxSCg03L9AhrdwA4Oz/qfspkDW+xGQ==}

  ansi-escapes@4.3.2:
    resolution: {integrity: sha512-gKXj5ALrKWQLsYG9jlTRmR/xKluxHV+Z9QEwNIgCfM1/uwPMCuzVVnh5mwTd+OuBZcwSIMbqssNWRm1lE51QaQ==}
    engines: {node: '>=8'}

  ansi-regex@5.0.1:
    resolution: {integrity: sha512-quJQXlTSUGL2LH9SUXo8VwsY4soanhgo6LNSm84E1LBcE8s3O0wpdiRzyR9z/ZZJMlMWv37qOOb9pdJlMUEKFQ==}
    engines: {node: '>=8'}

  ansi-styles@4.3.0:
    resolution: {integrity: sha512-zbB9rCJAT1rbjiVDb2hqKFHNYLxgtk8NURxZ3IZwD3F6NtxbXZQCnnSi1Lkx+IDohdPlFp222wVALIheZJQSEg==}
    engines: {node: '>=8'}

  chardet@0.7.0:
    resolution: {integrity: sha512-mT8iDcrh03qDGRRmoA2hmBJnxpllMR+0/0qlzjqZES6NdiWDcZkCNAk4rPFZ9Q85r27unkiNNg8ZOiwZXBHwcA==}

  cli-width@4.1.0:
    resolution: {integrity: sha512-ouuZd4/dm2Sw5Gmqy6bGyNNNe1qt9RpmxveLSO7KcgsTnU7RXfsw+/bukWGo1abgBiMAic068rclZsO4IWmmxQ==}
    engines: {node: '>= 12'}

  color-convert@2.0.1:
    resolution: {integrity: sha512-RRECPsj7iu/xb5oKYcsFHSppFNnsj/52OVTRKb4zP5onXwVF3zVmmToNcOfGC+CRDpfK/U584fMg38ZHCaElKQ==}
    engines: {node: '>=7.0.0'}

  color-name@1.1.4:
    resolution: {integrity: sha512-dOy+3AuW3a2wNbZHIuMZpTcgjGuLU/uBL/ubcZF9OXbDo8ff4O8yVp5Bf0efS8uEoYo5q4Fx7dY9OgQGXgAsQA==}

  emoji-regex@8.0.0:
    resolution: {integrity: sha512-MSjYzcWNOA0ewAHpz0MxpYFvwg6yjy1NG3xteoqz644VCo/RPgnr1/GGt+ic3iJTzQ8Eu3TdM14SawnVUmGE6A==}

  external-editor@3.1.0:
    resolution: {integrity: sha512-hMQ4CX1p1izmuLYyZqLMO/qGNw10wSv9QDCPfzXfyFrOaCSSoRfqE1Kf1s5an66J5JZC62NewG+mK49jOCtQew==}
    engines: {node: '>=4'}

  iconv-lite@0.4.24:
    resolution: {integrity: sha512-v3MXnZAcvnywkTUEZomIActle7RXXeedOR31wwl7VlyoXO4Qi9arvSenNQWne1TcRwhCL1HwLI21bEqdpj8/rA==}
    engines: {node: '>=0.10.0'}

  inquirer@12.5.0:
    resolution: {integrity: sha512-aiBBq5aKF1k87MTxXDylLfwpRwToShiHrSv4EmB07EYyLgmnjEz5B3rn0aGw1X3JA/64Ngf2T54oGwc+BCsPIQ==}
    engines: {node: '>=18'}
    peerDependencies:
      '@types/node': '>=18'
    peerDependenciesMeta:
      '@types/node':
        optional: true

  is-fullwidth-code-point@3.0.0:
    resolution: {integrity: sha512-zymm5+u+sCsSWyD9qNaejV3DFvhCKclKdizYaJUuHA83RLjb7nSuGnddCHGv0hk+KY7BMAlsWeK4Ueg6EV6XQg==}
    engines: {node: '>=8'}

  lowdb@5.1.0:
    resolution: {integrity: sha512-OEysJ2S3j05RqehEypEv3h6EgdV4Y7LTq7LngRNqe1IxsInOm66/sa3fzoI6mmqs2CC+zIJW3vfncGNv2IGi3A==}
    engines: {node: '>=14.16'}

  mute-stream@2.0.0:
    resolution: {integrity: sha512-WWdIxpyjEn+FhQJQQv9aQAYlHoNVdzIzUySNV1gHUPDSdZJ3yZn7pAAbQcV7B56Mvu881q9FZV+0Vx2xC44VWA==}
    engines: {node: ^18.17.0 || >=20.5.0}

  os-tmpdir@1.0.2:
    resolution: {integrity: sha512-D2FR03Vir7FIu45XBY20mTb+/ZSWB00sjU9jdQXt83gDrI4Ztz5Fs7/yy74g2N5SVQY4xY1qDr4rNddwYRVX0g==}
    engines: {node: '>=0.10.0'}

  run-async@3.0.0:
    resolution: {integrity: sha512-540WwVDOMxA6dN6We19EcT9sc3hkXPw5mzRNGM3FkdN/vtE9NFvj5lFAPNwUDmJjXidm3v7TC1cTE7t17Ulm1Q==}
    engines: {node: '>=0.12.0'}

  rxjs@7.8.2:
    resolution: {integrity: sha512-dhKf903U/PQZY6boNNtAGdWbG85WAbjT/1xYoZIC7FAY0yWapOBQVsVrDl58W86//e1VpMNBtRV4MaXfdMySFA==}

  safer-buffer@2.1.2:
    resolution: {integrity: sha512-YZo3K82SD7Riyi0E1EQPojLz7kpepnSQI9IyPbHHg1XXXevb5dJI7tpyN2ADxGcQbHG7vcyRHk0cbwqcQriUtg==}

  signal-exit@4.1.0:
    resolution: {integrity: sha512-bzyZ1e88w9O1iNJbKnOlvYTrWPDl46O1bG0D3XInv+9tkPrxrN8jUUTiFlDkkmKWgn1M6CfIA13SuGqOa9Korw==}
    engines: {node: '>=14'}

  steno@3.2.0:
    resolution: {integrity: sha512-zPKkv+LqoYffxrtD0GIVA08DvF6v1dW02qpP5XnERoobq9g3MKcTSBTi08gbGNFMNRo3TQV/6kBw811T1LUhKg==}
    engines: {node: '>=16'}

  string-width@4.2.3:
    resolution: {integrity: sha512-wKyQRQpjJ0sIp62ErSZdGsjMJWsap5oRNihHhu6G7JVO/9jIB6UyevL+tXuOqrng8j/cxKTWyWUwvSTriiZz/g==}
    engines: {node: '>=8'}

  strip-ansi@6.0.1:
    resolution: {integrity: sha512-Y38VPSHcqkFrCpFnQ9vuSXmquuv5oXOKpGeT6aGrr3o3Gc9AlVa6JBfUSOCnbxGGZF+/0ooI7KrPuUSztUdU5A==}
    engines: {node: '>=8'}

  tmp@0.0.33:
    resolution: {integrity: sha512-jRCJlojKnZ3addtTOjdIqoRuPEKBvNXcGYqzO6zWZX8KfKEpnGY5jfggJQ3EjKuu8D4bJRr0y+cYJFmYbImXGw==}
    engines: {node: '>=0.6.0'}

  tslib@2.8.1:
    resolution: {integrity: sha512-oJFu94HQb+KVduSUQL7wnpmqnfmLsOA/nAh6b6EH0wCEoK0/mPeXU6c3wKDV83MkOuHPRHtSXKKU99IBazS/2w==}

  type-fest@0.21.3:
    resolution: {integrity: sha512-t0rzBq87m3fVcduHDUFhKmyyX+9eo6WQjZvf51Ea/M0Q7+T374Jp1aUiyUl0GKxp8M/OETVHSDvmkyPgvX+X2w==}
    engines: {node: '>=10'}

  undici-types@6.21.0:
    resolution: {integrity: sha512-iwDZqg0QAGrg9Rav5H4n0M64c3mkR59cJ6wQp+7C4nI0gsmExaedaYLNO44eT4AtBBwjbTiGPMlt2Md0T9H9JQ==}

  wrap-ansi@6.2.0:
    resolution: {integrity: sha512-r6lPcBGxZXlIcymEu7InxDMhdW0KDxpLgoFLcguasxCaJ/SOIZwINatK9KY/tf+ZrlywOKU0UDj3ATXUBfxJXA==}
    engines: {node: '>=8'}

  yoctocolors-cjs@2.1.2:
    resolution: {integrity: sha512-cYVsTjKl8b+FrnidjibDWskAv7UKOfcwaVZdp/it9n1s9fU3IkgDbhdIRKCW4JDsAlECJY0ytoVPT3sK6kideA==}
    engines: {node: '>=18'}

snapshots:

  '@inquirer/checkbox@4.1.4(@types/node@22.14.0)':
    dependencies:
      '@inquirer/core': 10.1.9(@types/node@22.14.0)
      '@inquirer/figures': 1.0.11
      '@inquirer/type': 3.0.5(@types/node@22.14.0)
      ansi-escapes: 4.3.2
      yoctocolors-cjs: 2.1.2
    optionalDependencies:
      '@types/node': 22.14.0

  '@inquirer/confirm@5.1.8(@types/node@22.14.0)':
    dependencies:
      '@inquirer/core': 10.1.9(@types/node@22.14.0)
      '@inquirer/type': 3.0.5(@types/node@22.14.0)
    optionalDependencies:
      '@types/node': 22.14.0

  '@inquirer/core@10.1.9(@types/node@22.14.0)':
    dependencies:
      '@inquirer/figures': 1.0.11
      '@inquirer/type': 3.0.5(@types/node@22.14.0)
      ansi-escapes: 4.3.2
      cli-width: 4.1.0
      mute-stream: 2.0.0
      signal-exit: 4.1.0
      wrap-ansi: 6.2.0
      yoctocolors-cjs: 2.1.2
    optionalDependencies:
      '@types/node': 22.14.0

  '@inquirer/editor@4.2.9(@types/node@22.14.0)':
    dependencies:
      '@inquirer/core': 10.1.9(@types/node@22.14.0)
      '@inquirer/type': 3.0.5(@types/node@22.14.0)
      external-editor: 3.1.0
    optionalDependencies:
      '@types/node': 22.14.0

  '@inquirer/expand@4.0.11(@types/node@22.14.0)':
    dependencies:
      '@inquirer/core': 10.1.9(@types/node@22.14.0)
      '@inquirer/type': 3.0.5(@types/node@22.14.0)
      yoctocolors-cjs: 2.1.2
    optionalDependencies:
      '@types/node': 22.14.0

  '@inquirer/figures@1.0.11': {}

  '@inquirer/input@4.1.8(@types/node@22.14.0)':
    dependencies:
      '@inquirer/core': 10.1.9(@types/node@22.14.0)
      '@inquirer/type': 3.0.5(@types/node@22.14.0)
    optionalDependencies:
      '@types/node': 22.14.0

  '@inquirer/number@3.0.11(@types/node@22.14.0)':
    dependencies:
      '@inquirer/core': 10.1.9(@types/node@22.14.0)
      '@inquirer/type': 3.0.5(@types/node@22.14.0)
    optionalDependencies:
      '@types/node': 22.14.0

  '@inquirer/password@4.0.11(@types/node@22.14.0)':
    dependencies:
      '@inquirer/core': 10.1.9(@types/node@22.14.0)
      '@inquirer/type': 3.0.5(@types/node@22.14.0)
      ansi-escapes: 4.3.2
    optionalDependencies:
      '@types/node': 22.14.0

  '@inquirer/prompts@7.4.0(@types/node@22.14.0)':
    dependencies:
      '@inquirer/checkbox': 4.1.4(@types/node@22.14.0)
      '@inquirer/confirm': 5.1.8(@types/node@22.14.0)
      '@inquirer/editor': 4.2.9(@types/node@22.14.0)
      '@inquirer/expand': 4.0.11(@types/node@22.14.0)
      '@inquirer/input': 4.1.8(@types/node@22.14.0)
      '@inquirer/number': 3.0.11(@types/node@22.14.0)
      '@inquirer/password': 4.0.11(@types/node@22.14.0)
      '@inquirer/rawlist': 4.0.11(@types/node@22.14.0)
      '@inquirer/search': 3.0.11(@types/node@22.14.0)
      '@inquirer/select': 4.1.0(@types/node@22.14.0)
    optionalDependencies:
      '@types/node': 22.14.0

  '@inquirer/rawlist@4.0.11(@types/node@22.14.0)':
    dependencies:
      '@inquirer/core': 10.1.9(@types/node@22.14.0)
      '@inquirer/type': 3.0.5(@types/node@22.14.0)
      yoctocolors-cjs: 2.1.2
    optionalDependencies:
      '@types/node': 22.14.0

  '@inquirer/search@3.0.11(@types/node@22.14.0)':
    dependencies:
      '@inquirer/core': 10.1.9(@types/node@22.14.0)
      '@inquirer/figures': 1.0.11
      '@inquirer/type': 3.0.5(@types/node@22.14.0)
      yoctocolors-cjs: 2.1.2
    optionalDependencies:
      '@types/node': 22.14.0

  '@inquirer/select@4.1.0(@types/node@22.14.0)':
    dependencies:
      '@inquirer/core': 10.1.9(@types/node@22.14.0)
      '@inquirer/figures': 1.0.11
      '@inquirer/type': 3.0.5(@types/node@22.14.0)
      ansi-escapes: 4.3.2
      yoctocolors-cjs: 2.1.2
    optionalDependencies:
      '@types/node': 22.14.0

  '@inquirer/type@3.0.5(@types/node@22.14.0)':
    optionalDependencies:
      '@types/node': 22.14.0

  '@types/inquirer@9.0.7':
    dependencies:
      '@types/through': 0.0.33
      rxjs: 7.8.2

  '@types/node@22.14.0':
    dependencies:
      undici-types: 6.21.0

  '@types/through@0.0.33':
    dependencies:
      '@types/node': 22.14.0

  ansi-escapes@4.3.2:
    dependencies:
      type-fest: 0.21.3

  ansi-regex@5.0.1: {}

  ansi-styles@4.3.0:
    dependencies:
      color-convert: 2.0.1

  chardet@0.7.0: {}

  cli-width@4.1.0: {}

  color-convert@2.0.1:
    dependencies:
      color-name: 1.1.4

  color-name@1.1.4: {}

  emoji-regex@8.0.0: {}

  external-editor@3.1.0:
    dependencies:
      chardet: 0.7.0
      iconv-lite: 0.4.24
      tmp: 0.0.33

  iconv-lite@0.4.24:
    dependencies:
      safer-buffer: 2.1.2

  inquirer@12.5.0(@types/node@22.14.0):
    dependencies:
      '@inquirer/core': 10.1.9(@types/node@22.14.0)
      '@inquirer/prompts': 7.4.0(@types/node@22.14.0)
      '@inquirer/type': 3.0.5(@types/node@22.14.0)
      ansi-escapes: 4.3.2
      mute-stream: 2.0.0
      run-async: 3.0.0
      rxjs: 7.8.2
    optionalDependencies:
      '@types/node': 22.14.0

  is-fullwidth-code-point@3.0.0: {}

  lowdb@5.1.0:
    dependencies:
      steno: 3.2.0

  mute-stream@2.0.0: {}

  os-tmpdir@1.0.2: {}

  run-async@3.0.0: {}

  rxjs@7.8.2:
    dependencies:
      tslib: 2.8.1

  safer-buffer@2.1.2: {}

  signal-exit@4.1.0: {}

  steno@3.2.0: {}

  string-width@4.2.3:
    dependencies:
      emoji-regex: 8.0.0
      is-fullwidth-code-point: 3.0.0
      strip-ansi: 6.0.1

  strip-ansi@6.0.1:
    dependencies:
      ansi-regex: 5.0.1

  tmp@0.0.33:
    dependencies:
      os-tmpdir: 1.0.2

  tslib@2.8.1: {}

  type-fest@0.21.3: {}

  undici-types@6.21.0: {}

  wrap-ansi@6.2.0:
    dependencies:
      ansi-styles: 4.3.0
      string-width: 4.2.3
      strip-ansi: 6.0.1

  yoctocolors-cjs@2.1.2: {}
